// !$*UTF8*$!
{
	archiveVersion = 1;
	classes = {
	};
	objectVersion = 48;
	objects = {

/* Begin PBXBuildFile section */
		F595B54320AE75E2002BD5E8 /* AppDelegate.swift in Sources */ = {isa = PBXBuildFile; fileRef = F595B54220AE75E2002BD5E8 /* AppDelegate.swift */; };
		F595B54520AE75E2002BD5E8 /* ViewController.swift in Sources */ = {isa = PBXBuildFile; fileRef = F595B54420AE75E2002BD5E8 /* ViewController.swift */; };
		F595B54820AE75E2002BD5E8 /* Main.storyboard in Resources */ = {isa = PBXBuildFile; fileRef = F595B54620AE75E2002BD5E8 /* Main.storyboard */; };
		F595B54A20AE75E2002BD5E8 /* Assets.xcassets in Resources */ = {isa = PBXBuildFile; fileRef = F595B54920AE75E2002BD5E8 /* Assets.xcassets */; };
		F595B54D20AE75E2002BD5E8 /* LaunchScreen.storyboard in Resources */ = {isa = PBXBuildFile; fileRef = F595B54B20AE75E2002BD5E8 /* LaunchScreen.storyboard */; };
		F595B55820AE75E2002BD5E8 /* ChangeUrlDemoTests.swift in Sources */ = {isa = PBXBuildFile; fileRef = F595B55720AE75E2002BD5E8 /* ChangeUrlDemoTests.swift */; };
		F595B56320AE75E2002BD5E8 /* ChangeUrlDemoUITests.swift in Sources */ = {isa = PBXBuildFile; fileRef = F595B56220AE75E2002BD5E8 /* ChangeUrlDemoUITests.swift */; };
		F595B57320AE76F9002BD5E8 /* MJChangeNetworkEnvironment.swift in Sources */ = {isa = PBXBuildFile; fileRef = F595B57220AE76F9002BD5E8 /* MJChangeNetworkEnvironment.swift */; };
/* End PBXBuildFile section */

/* Begin PBXContainerItemProxy section */
		F595B55420AE75E2002BD5E8 /* PBXContainerItemProxy */ = {
			isa = PBXContainerItemProxy;
			containerPortal = F595B53720AE75E2002BD5E8 /* Project object */;
			proxyType = 1;
			remoteGlobalIDString = F595B53E20AE75E2002BD5E8;
			remoteInfo = ChangeUrlDemo;
		};
		F595B55F20AE75E2002BD5E8 /* PBXContainerItemProxy */ = {
			isa = PBXContainerItemProxy;
			containerPortal = F595B53720AE75E2002BD5E8 /* Project object */;
			proxyType = 1;
			remoteGlobalIDString = F595B53E20AE75E2002BD5E8;
			remoteInfo = ChangeUrlDemo;
		};
/* End PBXContainerItemProxy section */

/* Begin PBXFileReference section */
		F595B53F20AE75E2002BD5E8 /* ChangeUrlDemo.app */ = {isa = PBXFileReference; explicitFileType = wrapper.application; includeInIndex = 0; path = ChangeUrlDemo.app; sourceTree = BUILT_PRODUCTS_DIR; };
		F595B54220AE75E2002BD5E8 /* AppDelegate.swift */ = {isa = PBXFileReference; lastKnownFileType = sourcecode.swift; path = AppDelegate.swift; sourceTree = "<group>"; };
		F595B54420AE75E2002BD5E8 /* ViewController.swift */ = {isa = PBXFileReference; lastKnownFileType = sourcecode.swift; path = ViewController.swift; sourceTree = "<group>"; };
		F595B54720AE75E2002BD5E8 /* Base */ = {isa = PBXFileReference; lastKnownFileType = file.storyboard; name = Base; path = Base.lproj/Main.storyboard; sourceTree = "<group>"; };
		F595B54920AE75E2002BD5E8 /* Assets.xcassets */ = {isa = PBXFileReference; lastKnownFileType = folder.assetcatalog; path = Assets.xcassets; sourceTree = "<group>"; };
		F595B54C20AE75E2002BD5E8 /* Base */ = {isa = PBXFileReference; lastKnownFileType = file.storyboard; name = Base; path = Base.lproj/LaunchScreen.storyboard; sourceTree = "<group>"; };
		F595B54E20AE75E2002BD5E8 /* Info.plist */ = {isa = PBXFileReference; lastKnownFileType = text.plist.xml; path = Info.plist; sourceTree = "<group>"; };
		F595B55320AE75E2002BD5E8 /* ChangeUrlDemoTests.xctest */ = {isa = PBXFileReference; explicitFileType = wrapper.cfbundle; includeInIndex = 0; path = ChangeUrlDemoTests.xctest; sourceTree = BUILT_PRODUCTS_DIR; };
		F595B55720AE75E2002BD5E8 /* ChangeUrlDemoTests.swift */ = {isa = PBXFileReference; lastKnownFileType = sourcecode.swift; path = ChangeUrlDemoTests.swift; sourceTree = "<group>"; };
		F595B55920AE75E2002BD5E8 /* Info.plist */ = {isa = PBXFileReference; lastKnownFileType = text.plist.xml; path = Info.plist; sourceTree = "<group>"; };
		F595B55E20AE75E2002BD5E8 /* ChangeUrlDemoUITests.xctest */ = {isa = PBXFileReference; explicitFileType = wrapper.cfbundle; includeInIndex = 0; path = ChangeUrlDemoUITests.xctest; sourceTree = BUILT_PRODUCTS_DIR; };
		F595B56220AE75E2002BD5E8 /* ChangeUrlDemoUITests.swift */ = {isa = PBXFileReference; lastKnownFileType = sourcecode.swift; path = ChangeUrlDemoUITests.swift; sourceTree = "<group>"; };
		F595B56420AE75E2002BD5E8 /* Info.plist */ = {isa = PBXFileReference; lastKnownFileType = text.plist.xml; path = Info.plist; sourceTree = "<group>"; };
		F595B57220AE76F9002BD5E8 /* MJChangeNetworkEnvironment.swift */ = {isa = PBXFileReference; lastKnownFileType = sourcecode.swift; path = MJChangeNetworkEnvironment.swift; sourceTree = "<group>"; };
/* End PBXFileReference section */

/* Begin PBXFrameworksBuildPhase section */
		F595B53C20AE75E2002BD5E8 /* Frameworks */ = {
			isa = PBXFrameworksBuildPhase;
			buildActionMask = 2147483647;
			files = (
			);
			runOnlyForDeploymentPostprocessing = 0;
		};
		F595B55020AE75E2002BD5E8 /* Frameworks */ = {
			isa = PBXFrameworksBuildPhase;
			buildActionMask = 2147483647;
			files = (
			);
			runOnlyForDeploymentPostprocessing = 0;
		};
		F595B55B20AE75E2002BD5E8 /* Frameworks */ = {
			isa = PBXFrameworksBuildPhase;
			buildActionMask = 2147483647;
			files = (
			);
			runOnlyForDeploymentPostprocessing = 0;
		};
/* End PBXFrameworksBuildPhase section */

/* Begin PBXGroup section */
		F595B53620AE75E2002BD5E8 = {
			isa = PBXGroup;
			children = (
				F595B54120AE75E2002BD5E8 /* ChangeUrlDemo */,
				F595B55620AE75E2002BD5E8 /* ChangeUrlDemoTests */,
				F595B56120AE75E2002BD5E8 /* ChangeUrlDemoUITests */,
				F595B54020AE75E2002BD5E8 /* Products */,
			);
			sourceTree = "<group>";
		};
		F595B54020AE75E2002BD5E8 /* Products */ = {
			isa = PBXGroup;
			children = (
				F595B53F20AE75E2002BD5E8 /* ChangeUrlDemo.app */,
				F595B55320AE75E2002BD5E8 /* ChangeUrlDemoTests.xctest */,
				F595B55E20AE75E2002BD5E8 /* ChangeUrlDemoUITests.xctest */,
			);
			name = Products;
			sourceTree = "<group>";
		};
		F595B54120AE75E2002BD5E8 /* ChangeUrlDemo */ = {
			isa = PBXGroup;
			children = (
				F595B57220AE76F9002BD5E8 /* MJChangeNetworkEnvironment.swift */,
				F595B54220AE75E2002BD5E8 /* AppDelegate.swift */,
				F595B54420AE75E2002BD5E8 /* ViewController.swift */,
				F595B54620AE75E2002BD5E8 /* Main.storyboard */,
				F595B54920AE75E2002BD5E8 /* Assets.xcassets */,
				F595B54B20AE75E2002BD5E8 /* LaunchScreen.storyboard */,
				F595B54E20AE75E2002BD5E8 /* Info.plist */,
			);
			path = ChangeUrlDemo;
			sourceTree = "<group>";
		};
		F595B55620AE75E2002BD5E8 /* ChangeUrlDemoTests */ = {
			isa = PBXGroup;
			children = (
				F595B55720AE75E2002BD5E8 /* ChangeUrlDemoTests.swift */,
				F595B55920AE75E2002BD5E8 /* Info.plist */,
			);
			path = ChangeUrlDemoTests;
			sourceTree = "<group>";
		};
		F595B56120AE75E2002BD5E8 /* ChangeUrlDemoUITests */ = {
			isa = PBXGroup;
			children = (
				F595B56220AE75E2002BD5E8 /* ChangeUrlDemoUITests.swift */,
				F595B56420AE75E2002BD5E8 /* Info.plist */,
			);
			path = ChangeUrlDemoUITests;
			sourceTree = "<group>";
		};
/* End PBXGroup section */

/* Begin PBXNativeTarget section */
		F595B53E20AE75E2002BD5E8 /* ChangeUrlDemo */ = {
			isa = PBXNativeTarget;
			buildConfigurationList = F595B56720AE75E2002BD5E8 /* Build configuration list for PBXNativeTarget "ChangeUrlDemo" */;
			buildPhases = (
				F595B53B20AE75E2002BD5E8 /* Sources */,
				F595B53C20AE75E2002BD5E8 /* Frameworks */,
				F595B53D20AE75E2002BD5E8 /* Resources */,
			);
			buildRules = (
			);
			dependencies = (
			);
			name = ChangeUrlDemo;
			productName = ChangeUrlDemo;
			productReference = F595B53F20AE75E2002BD5E8 /* ChangeUrlDemo.app */;
			productType = "com.apple.product-type.application";
		};
		F595B55220AE75E2002BD5E8 /* ChangeUrlDemoTests */ = {
			isa = PBXNativeTarget;
			buildConfigurationList = F595B56A20AE75E2002BD5E8 /* Build configuration list for PBXNativeTarget "ChangeUrlDemoTests" */;
			buildPhases = (
				F595B54F20AE75E2002BD5E8 /* Sources */,
				F595B55020AE75E2002BD5E8 /* Frameworks */,
				F595B55120AE75E2002BD5E8 /* Resources */,
			);
			buildRules = (
			);
			dependencies = (
				F595B55520AE75E2002BD5E8 /* PBXTargetDependency */,
			);
			name = ChangeUrlDemoTests;
			productName = ChangeUrlDemoTests;
			productReference = F595B55320AE75E2002BD5E8 /* ChangeUrlDemoTests.xctest */;
			productType = "com.apple.product-type.bundle.unit-test";
		};
		F595B55D20AE75E2002BD5E8 /* ChangeUrlDemoUITests */ = {
			isa = PBXNativeTarget;
			buildConfigurationList = F595B56D20AE75E2002BD5E8 /* Build configuration list for PBXNativeTarget "ChangeUrlDemoUITests" */;
			buildPhases = (
				F595B55A20AE75E2002BD5E8 /* Sources */,
				F595B55B20AE75E2002BD5E8 /* Frameworks */,
				F595B55C20AE75E2002BD5E8 /* Resources */,
			);
			buildRules = (
			);
			dependencies = (
				F595B56020AE75E2002BD5E8 /* PBXTargetDependency */,
			);
			name = ChangeUrlDemoUITests;
			productName = ChangeUrlDemoUITests;
			productReference = F595B55E20AE75E2002BD5E8 /* ChangeUrlDemoUITests.xctest */;
			productType = "com.apple.product-type.bundle.ui-testing";
		};
/* End PBXNativeTarget section */

/* Begin PBXProject section */
		F595B53720AE75E2002BD5E8 /* Project object */ = {
			isa = PBXProject;
			attributes = {
				LastSwiftUpdateCheck = 0920;
				LastUpgradeCheck = 0920;
				ORGANIZATIONNAME = caiqr;
				TargetAttributes = {
					F595B53E20AE75E2002BD5E8 = {
						CreatedOnToolsVersion = 9.2;
						ProvisioningStyle = Automatic;
					};
					F595B55220AE75E2002BD5E8 = {
						CreatedOnToolsVersion = 9.2;
						ProvisioningStyle = Automatic;
						TestTargetID = F595B53E20AE75E2002BD5E8;
					};
					F595B55D20AE75E2002BD5E8 = {
						CreatedOnToolsVersion = 9.2;
						ProvisioningStyle = Automatic;
						TestTargetID = F595B53E20AE75E2002BD5E8;
					};
				};
			};
			buildConfigurationList = F595B53A20AE75E2002BD5E8 /* Build configuration list for PBXProject "ChangeUrlDemo" */;
			compatibilityVersion = "Xcode 8.0";
			developmentRegion = en;
			hasScannedForEncodings = 0;
			knownRegions = (
				en,
				Base,
			);
			mainGroup = F595B53620AE75E2002BD5E8;
			productRefGroup = F595B54020AE75E2002BD5E8 /* Products */;
			projectDirPath = "";
			projectRoot = "";
			targets = (
				F595B53E20AE75E2002BD5E8 /* ChangeUrlDemo */,
				F595B55220AE75E2002BD5E8 /* ChangeUrlDemoTests */,
				F595B55D20AE75E2002BD5E8 /* ChangeUrlDemoUITests */,
			);
		};
/* End PBXProject section */

/* Begin PBXResourcesBuildPhase section */
		F595B53D20AE75E2002BD5E8 /* Resources */ = {
			isa = PBXResourcesBuildPhase;
			buildActionMask = 2147483647;
			files = (
				F595B54D20AE75E2002BD5E8 /* LaunchScreen.storyboard in Resources */,
				F595B54A20AE75E2002BD5E8 /* Assets.xcassets in Resources */,
				F595B54820AE75E2002BD5E8 /* Main.storyboard in Resources */,
			);
			runOnlyForDeploymentPostprocessing = 0;
		};
		F595B55120AE75E2002BD5E8 /* Resources */ = {
			isa = PBXResourcesBuildPhase;
			buildActionMask = 2147483647;
			files = (
			);
			runOnlyForDeploymentPostprocessing = 0;
		};
		F595B55C20AE75E2002BD5E8 /* Resources */ = {
			isa = PBXResourcesBuildPhase;
			buildActionMask = 2147483647;
			files = (
			);
			runOnlyForDeploymentPostprocessing = 0;
		};
/* End PBXResourcesBuildPhase section */

/* Begin PBXSourcesBuildPhase section */
		F595B53B20AE75E2002BD5E8 /* Sources */ = {
			isa = PBXSourcesBuildPhase;
			buildActionMask = 2147483647;
			files = (
				F595B54520AE75E2002BD5E8 /* ViewController.swift in Sources */,
				F595B57320AE76F9002BD5E8 /* MJChangeNetworkEnvironment.swift in Sources */,
				F595B54320AE75E2002BD5E8 /* AppDelegate.swift in Sources */,
			);
			runOnlyForDeploymentPostprocessing = 0;
		};
		F595B54F20AE75E2002BD5E8 /* Sources */ = {
			isa = PBXSourcesBuildPhase;
			buildActionMask = 2147483647;
			files = (
				F595B55820AE75E2002BD5E8 /* ChangeUrlDemoTests.swift in Sources */,
			);
			runOnlyForDeploymentPostprocessing = 0;
		};
		F595B55A20AE75E2002BD5E8 /* Sources */ = {
			isa = PBXSourcesBuildPhase;
			buildActionMask = 2147483647;
			files = (
				F595B56320AE75E2002BD5E8 /* ChangeUrlDemoUITests.swift in Sources */,
			);
			runOnlyForDeploymentPostprocessing = 0;
		};
/* End PBXSourcesBuildPhase section */

/* Begin PBXTargetDependency section */
		F595B55520AE75E2002BD5E8 /* PBXTargetDependency */ = {
			isa = PBXTargetDependency;
			target = F595B53E20AE75E2002BD5E8 /* ChangeUrlDemo */;
			targetProxy = F595B55420AE75E2002BD5E8 /* PBXContainerItemProxy */;
		};
		F595B56020AE75E2002BD5E8 /* PBXTargetDependency */ = {
			isa = PBXTargetDependency;
			target = F595B53E20AE75E2002BD5E8 /* ChangeUrlDemo */;
			targetProxy = F595B55F20AE75E2002BD5E8 /* PBXContainerItemProxy */;
		};
/* End PBXTargetDependency section */

/* Begin PBXVariantGroup section */
		F595B54620AE75E2002BD5E8 /* Main.storyboard */ = {
			isa = PBXVariantGroup;
			children = (
				F595B54720AE75E2002BD5E8 /* Base */,
			);
			name = Main.storyboard;
			sourceTree = "<group>";
		};
		F595B54B20AE75E2002BD5E8 /* LaunchScreen.storyboard */ = {
			isa = PBXVariantGroup;
			children = (
				F595B54C20AE75E2002BD5E8 /* Base */,
			);
			name = LaunchScreen.storyboard;
			sourceTree = "<group>";
		};
/* End PBXVariantGroup section */

/* Begin XCBuildConfiguration section */
		F595B56520AE75E2002BD5E8 /* Debug */ = {
			isa = XCBuildConfiguration;
			buildSettings = {
				ALWAYS_SEARCH_USER_PATHS = NO;
				CLANG_ANALYZER_NONNULL = YES;
				CLANG_ANALYZER_NUMBER_OBJECT_CONVERSION = YES_AGGRESSIVE;
				CLANG_CXX_LANGUAGE_STANDARD = "gnu++14";
				CLANG_CXX_LIBRARY = "libc++";
				CLANG_ENABLE_MODULES = YES;
				CLANG_ENABLE_OBJC_ARC = YES;
				CLANG_WARN_BLOCK_CAPTURE_AUTORELEASING = YES;
				CLANG_WARN_BOOL_CONVERSION = YES;
				CLANG_WARN_COMMA = YES;
				CLANG_WARN_CONSTANT_CONVERSION = YES;
				CLANG_WARN_DIRECT_OBJC_ISA_USAGE = YES_ERROR;
				CLANG_WARN_DOCUMENTATION_COMMENTS = YES;
				CLANG_WARN_EMPTY_BODY = YES;
				CLANG_WARN_ENUM_CONVERSION = YES;
				CLANG_WARN_INFINITE_RECURSION = YES;
				CLANG_WARN_INT_CONVERSION = YES;
				CLANG_WARN_NON_LITERAL_NULL_CONVERSION = YES;
				CLANG_WARN_OBJC_LITERAL_CONVERSION = YES;
				CLANG_WARN_OBJC_ROOT_CLASS = YES_ERROR;
				CLANG_WARN_RANGE_LOOP_ANALYSIS = YES;
				CLANG_WARN_STRICT_PROTOTYPES = YES;
				CLANG_WARN_SUSPICIOUS_MOVE = YES;
				CLANG_WARN_UNGUARDED_AVAILABILITY = YES_AGGRESSIVE;
				CLANG_WARN_UNREACHABLE_CODE = YES;
				CLANG_WARN__DUPLICATE_METHOD_MATCH = YES;
				CODE_SIGN_IDENTITY = "iPhone Developer";
				COPY_PHASE_STRIP = NO;
				DEBUG_INFORMATION_FORMAT = dwarf;
				ENABLE_STRICT_OBJC_MSGSEND = YES;
				ENABLE_TESTABILITY = YES;
				GCC_C_LANGUAGE_STANDARD = gnu11;
				GCC_DYNAMIC_NO_PIC = NO;
				GCC_NO_COMMON_BLOCKS = YES;
				GCC_OPTIMIZATION_LEVEL = 0;
				GCC_PREPROCESSOR_DEFINITIONS = (
					"DEBUG=1",
					"$(inherited)",
				);
				GCC_WARN_64_TO_32_BIT_CONVERSION = YES;
				GCC_WARN_ABOUT_RETURN_TYPE = YES_ERROR;
				GCC_WARN_UNDECLARED_SELECTOR = YES;
				GCC_WARN_UNINITIALIZED_AUTOS = YES_AGGRESSIVE;
				GCC_WARN_UNUSED_FUNCTION = YES;
				GCC_WARN_UNUSED_VARIABLE = YES;
				IPHONEOS_DEPLOYMENT_TARGET = 11.2;
				MTL_ENABLE_DEBUG_INFO = YES;
				ONLY_ACTIVE_ARCH = YES;
				SDKROOT = iphoneos;
				SWIFT_ACTIVE_COMPILATION_CONDITIONS = DEBUG;
				SWIFT_OPTIMIZATION_LEVEL = "-Onone";
			};
			name = Debug;
		};
		F595B56620AE75E2002BD5E8 /* Release */ = {
			isa = XCBuildConfiguration;
			buildSettings = {
				ALWAYS_SEARCH_USER_PATHS = NO;
				CLANG_ANALYZER_NONNULL = YES;
				CLANG_ANALYZER_NUMBER_OBJECT_CONVERSION = YES_AGGRESSIVE;
				CLANG_CXX_LANGUAGE_STANDARD = "gnu++14";
				CLANG_CXX_LIBRARY = "libc++";
				CLANG_ENABLE_MODULES = YES;
				CLANG_ENABLE_OBJC_ARC = YES;
				CLANG_WARN_BLOCK_CAPTURE_AUTORELEASING = YES;
				CLANG_WARN_BOOL_CONVERSION = YES;
				CLANG_WARN_COMMA = YES;
				CLANG_WARN_CONSTANT_CONVERSION = YES;
				CLANG_WARN_DIRECT_OBJC_ISA_USAGE = YES_ERROR;
				CLANG_WARN_DOCUMENTATION_COMMENTS = YES;
				CLANG_WARN_EMPTY_BODY = YES;
				CLANG_WARN_ENUM_CONVERSION = YES;
				CLANG_WARN_INFINITE_RECURSION = YES;
				CLANG_WARN_INT_CONVERSION = YES;
				CLANG_WARN_NON_LITERAL_NULL_CONVERSION = YES;
				CLANG_WARN_OBJC_LITERAL_CONVERSION = YES;
				CLANG_WARN_OBJC_ROOT_CLASS = YES_ERROR;
				CLANG_WARN_RANGE_LOOP_ANALYSIS = YES;
				CLANG_WARN_STRICT_PROTOTYPES = YES;
				CLANG_WARN_SUSPICIOUS_MOVE = YES;
				CLANG_WARN_UNGUARDED_AVAILABILITY = YES_AGGRESSIVE;
				CLANG_WARN_UNREACHABLE_CODE = YES;
				CLANG_WARN__DUPLICATE_METHOD_MATCH = YES;
				CODE_SIGN_IDENTITY = "iPhone Developer";
				COPY_PHASE_STRIP = NO;
				DEBUG_INFORMATION_FORMAT = "dwarf-with-dsym";
				ENABLE_NS_ASSERTIONS = NO;
				ENABLE_STRICT_OBJC_MSGSEND = YES;
				GCC_C_LANGUAGE_STANDARD = gnu11;
				GCC_NO_COMMON_BLOCKS = YES;
				GCC_WARN_64_TO_32_BIT_CONVERSION = YES;
				GCC_WARN_ABOUT_RETURN_TYPE = YES_ERROR;
				GCC_WARN_UNDECLARED_SELECTOR = YES;
				GCC_WARN_UNINITIALIZED_AUTOS = YES_AGGRESSIVE;
				GCC_WARN_UNUSED_FUNCTION = YES;
				GCC_WARN_UNUSED_VARIABLE = YES;
				IPHONEOS_DEPLOYMENT_TARGET = 11.2;
				MTL_ENABLE_DEBUG_INFO = NO;
				SDKROOT = iphoneos;
				SWIFT_OPTIMIZATION_LEVEL = "-Owholemodule";
				VALIDATE_PRODUCT = YES;
			};
			name = Release;
		};
		F595B56820AE75E2002BD5E8 /* Debug */ = {
			isa = XCBuildConfiguration;
			buildSettings = {
				ASSETCATALOG_COMPILER_APPICON_NAME = AppIcon;
				CODE_SIGN_STYLE = Automatic;
				DEVELOPMENT_TEAM = C74VQ3FE9N;
				INFOPLIST_FILE = ChangeUrlDemo/Info.plist;
				LD_RUNPATH_SEARCH_PATHS = "$(inherited) @executable_path/Frameworks";
				PRODUCT_BUNDLE_IDENTIFIER = caiqr.ChangeUrlDemo;
				PRODUCT_NAME = "$(TARGET_NAME)";
				SWIFT_VERSION = 4.0;
				TARGETED_DEVICE_FAMILY = "1,2";
			};
			name = Debug;
		};
		F595B56920AE75E2002BD5E8 /* Release */ = {
			isa = XCBuildConfiguration;
			buildSettings = {
				ASSETCATALOG_COMPILER_APPICON_NAME = AppIcon;
				CODE_SIGN_STYLE = Automatic;
				DEVELOPMENT_TEAM = C74VQ3FE9N;
				INFOPLIST_FILE = ChangeUrlDemo/Info.plist;
				LD_RUNPATH_SEARCH_PATHS = "$(inherited) @executable_path/Frameworks";
				PRODUCT_BUNDLE_IDENTIFIER = caiqr.ChangeUrlDemo;
				PRODUCT_NAME = "$(TARGET_NAME)";
				SWIFT_VERSION = 4.0;
				TARGETED_DEVICE_FAMILY = "1,2";
			};
			name = Release;
		};
		F595B56B20AE75E2002BD5E8 /* Debug */ = {
			isa = XCBuildConfiguration;
			buildSettings = {
				ALWAYS_EMBED_SWIFT_STANDARD_LIBRARIES = YES;
				BUNDLE_LOADER = "$(TEST_HOST)";
				CODE_SIGN_STYLE = Automatic;
				DEVELOPMENT_TEAM = C74VQ3FE9N;
				INFOPLIST_FILE = ChangeUrlDemoTests/Info.plist;
				LD_RUNPATH_SEARCH_PATHS = "$(inherited) @executable_path/Frameworks @loader_path/Frameworks";
				PRODUCT_BUNDLE_IDENTIFIER = caiqr.ChangeUrlDemoTests;
				PRODUCT_NAME = "$(TARGET_NAME)";
				SWIFT_VERSION = 4.0;
				TARGETED_DEVICE_FAMILY = "1,2";
				TEST_HOST = "$(BUILT_PRODUCTS_DIR)/ChangeUrlDemo.app/ChangeUrlDemo";
			};
			name = Debug;
		};
		F595B56C20AE75E2002BD5E8 /* Release */ = {
			isa = XCBuildConfiguration;
			buildSettings = {
				ALWAYS_EMBED_SWIFT_STANDARD_LIBRARIES = YES;
				BUNDLE_LOADER = "$(TEST_HOST)";
				CODE_SIGN_STYLE = Automatic;
				DEVELOPMENT_TEAM = C74VQ3FE9N;
				INFOPLIST_FILE = ChangeUrlDemoTests/Info.plist;
				LD_RUNPATH_SEARCH_PATHS = "$(inherited) @executable_path/Frameworks @loader_path/Frameworks";
				PRODUCT_BUNDLE_IDENTIFIER = caiqr.ChangeUrlDemoTests;
				PRODUCT_NAME = "$(TARGET_NAME)";
				SWIFT_VERSION = 4.0;
				TARGETED_DEVICE_FAMILY = "1,2";
				TEST_HOST = "$(BUILT_PRODUCTS_DIR)/ChangeUrlDemo.app/ChangeUrlDemo";
			};
			name = Release;
		};
		F595B56E20AE75E2002BD5E8 /* Debug */ = {
			isa = XCBuildConfiguration;
			buildSettings = {
				ALWAYS_EMBED_SWIFT_STANDARD_LIBRARIES = YES;
				CODE_SIGN_STYLE = Automatic;
				DEVELOPMENT_TEAM = C74VQ3FE9N;
				INFOPLIST_FILE = ChangeUrlDemoUITests/Info.plist;
				LD_RUNPATH_SEARCH_PATHS = "$(inherited) @executable_path/Frameworks @loader_path/Frameworks";
				PRODUCT_BUNDLE_IDENTIFIER = caiqr.ChangeUrlDemoUITests;
				PRODUCT_NAME = "$(TARGET_NAME)";
				SWIFT_VERSION = 4.0;
				TARGETED_DEVICE_FAMILY = "1,2";
				TEST_TARGET_NAME = ChangeUrlDemo;
			};
			name = Debug;
		};
		F595B56F20AE75E2002BD5E8 /* Release */ = {
			isa = XCBuildConfiguration;
			buildSettings = {
				ALWAYS_EMBED_SWIFT_STANDARD_LIBRARIES = YES;
				CODE_SIGN_STYLE = Automatic;
				DEVELOPMENT_TEAM = C74VQ3FE9N;
				INFOPLIST_FILE = ChangeUrlDemoUITests/Info.plist;
				LD_RUNPATH_SEARCH_PATHS = "$(inherited) @executable_path/Frameworks @loader_path/Frameworks";
				PRODUCT_BUNDLE_IDENTIFIER = caiqr.ChangeUrlDemoUITests;
				PRODUCT_NAME = "$(TARGET_NAME)";
				SWIFT_VERSION = 4.0;
				TARGETED_DEVICE_FAMILY = "1,2";
				TEST_TARGET_NAME = ChangeUrlDemo;
			};
			name = Release;
		};
/* End XCBuildConfiguration section */

/* Begin XCConfigurationList section */
		F595B53A20AE75E2002BD5E8 /* Build configuration list for PBXProject "ChangeUrlDemo" */ = {
			isa = XCConfigurationList;
			buildConfigurations = (
				F595B56520AE75E2002BD5E8 /* Debug */,
				F595B56620AE75E2002BD5E8 /* Release */,
			);
			defaultConfigurationIsVisible = 0;
			defaultConfigurationName = Release;
		};
		F595B56720AE75E2002BD5E8 /* Build configuration list for PBXNativeTarget "ChangeUrlDemo" */ = {
			isa = XCConfigurationList;
			buildConfigurations = (
				F595B56820AE75E2002BD5E8 /* Debug */,
				F595B56920AE75E2002BD5E8 /* Release */,
			);
			defaultConfigurationIsVisible = 0;
			defaultConfigurationName = Release;
		};
		F595B56A20AE75E2002BD5E8 /* Build configuration list for PBXNativeTarget "ChangeUrlDemoTests" */ = {
			isa = XCConfigurationList;
			buildConfigurations = (
				F595B56B20AE75E2002BD5E8 /* Debug */,
				F595B56C20AE75E2002BD5E8 /* Release */,
			);
			defaultConfigurationIsVisible = 0;
			defaultConfigurationName = Release;
		};
		F595B56D20AE75E2002BD5E8 /* Build configuration list for PBXNativeTarget "ChangeUrlDemoUITests" */ = {
			isa = XCConfigurationList;
			buildConfigurations = (
				F595B56E20AE75E2002BD5E8 /* Debug */,
				F595B56F20AE75E2002BD5E8 /* Release */,
			);
			defaultConfigurationIsVisible = 0;
			defaultConfigurationName = Release;
		};
/* End XCConfigurationList section */
	};
	rootObject = F595B53720AE75E2002BD5E8 /* Project object */;
}
